
Microsoft Visual Studio Solution File, Format Version 12.00
# Visual Studio Version 17
VisualStudioVersion = 17.0.31903.59
MinimumVisualStudioVersion = 10.0.40219.1
Project("{2150E333-8FDC-42A3-9474-1A3956D46DE8}") = "src", "src", "{F10667B6-C40E-430D-961E-24A7CD863A30}"
EndProject
Project("{2150E333-8FDC-42A3-9474-1A3956D46DE8}") = "tests", "tests", "{AA676A16-0B9A-4DCD-967F-AFE2C6E32400}"
EndProject
Project("{2150E333-8FDC-42A3-9474-1A3956D46DE8}") = "1. Core", "1. Core", "{F6E5037C-A520-445A-8C9E-2130C1A31395}"
EndProject
Project("{2150E333-8FDC-42A3-9474-1A3956D46DE8}") = "2. Infrastructure", "2. Infrastructure", "{E8AAC4FC-D424-4054-9D97-F7FF6F3E7C4D}"
EndProject
Project("{2150E333-8FDC-42A3-9474-1A3956D46DE8}") = "3. Presentation", "3. Presentation", "{6A3333F2-A6C8-4781-9BAA-0FADD7472131}"
EndProject
Project("{FAE04EC0-301F-11D3-BF4B-00C04F79EFBC}") = "Domain", "src\1-core\Domain\Domain.csproj", "{0B6DBFAA-2481-4E9E-8ECC-A473C4C6D5D2}"
EndProject
Project("{FAE04EC0-301F-11D3-BF4B-00C04F79EFBC}") = "Application", "src\1-core\Application\Application.csproj", "{7C067B2D-6AA7-40AC-9CFD-016DF579E3DA}"
EndProject
Project("{FAE04EC0-301F-11D3-BF4B-00C04F79EFBC}") = "Infrastructure", "src\2-infrastructure\Infrastructure\Infrastructure.csproj", "{FF8898B1-2E1F-46AE-8F2A-B2F2FEB68DAB}"
EndProject
Project("{FAE04EC0-301F-11D3-BF4B-00C04F79EFBC}") = "Persistence", "src\2-infrastructure\Persistence\Persistence.csproj", "{88C08161-4A37-490A-AEF9-017A94264D8D}"
EndProject
Project("{FAE04EC0-301F-11D3-BF4B-00C04F79EFBC}") = "Api", "src\3-presentation\Api\Api.csproj", "{0E07011E-3DAF-4F18-9786-E416D40A4DB4}"
EndProject
Project("{FAE04EC0-301F-11D3-BF4B-00C04F79EFBC}") = "Application.IntegrationTests", "tests\Application.IntegrationTests\Application.IntegrationTests.csproj", "{D2BCD9BF-BF53-4DF9-9544-49B232E0BCE6}"
EndProject
Project("{2150E333-8FDC-42A3-9474-1A3956D46DE8}") = "Solution Items", "Solution Items", "{0E0B3561-1E3F-4542-A87D-900A2176EC36}"
	ProjectSection(SolutionItems) = preProject
		Directory.Packages.props = Directory.Packages.props
	EndProjectSection
EndProject
Project("{FAE04EC0-301F-11D3-BF4B-00C04F79EFBC}") = "Application.UnitTests", "tests\Application.UnitTests\Application.UnitTests.csproj", "{ADE4D49E-6E14-411A-A00D-29ECB23ECC6B}"
EndProject
Global
	GlobalSection(SolutionConfigurationPlatforms) = preSolution
		Debug|Any CPU = Debug|Any CPU
		Release|Any CPU = Release|Any CPU
	EndGlobalSection
	GlobalSection(SolutionProperties) = preSolution
		HideSolutionNode = FALSE
	EndGlobalSection
	GlobalSection(NestedProjects) = preSolution
		{F6E5037C-A520-445A-8C9E-2130C1A31395} = {F10667B6-C40E-430D-961E-24A7CD863A30}
		{E8AAC4FC-D424-4054-9D97-F7FF6F3E7C4D} = {F10667B6-C40E-430D-961E-24A7CD863A30}
		{6A3333F2-A6C8-4781-9BAA-0FADD7472131} = {F10667B6-C40E-430D-961E-24A7CD863A30}
		{0B6DBFAA-2481-4E9E-8ECC-A473C4C6D5D2} = {F6E5037C-A520-445A-8C9E-2130C1A31395}
		{7C067B2D-6AA7-40AC-9CFD-016DF579E3DA} = {F6E5037C-A520-445A-8C9E-2130C1A31395}
		{FF8898B1-2E1F-46AE-8F2A-B2F2FEB68DAB} = {E8AAC4FC-D424-4054-9D97-F7FF6F3E7C4D}
		{88C08161-4A37-490A-AEF9-017A94264D8D} = {E8AAC4FC-D424-4054-9D97-F7FF6F3E7C4D}
		{0E07011E-3DAF-4F18-9786-E416D40A4DB4} = {6A3333F2-A6C8-4781-9BAA-0FADD7472131}
		{D2BCD9BF-BF53-4DF9-9544-49B232E0BCE6} = {AA676A16-0B9A-4DCD-967F-AFE2C6E32400}
		{ADE4D49E-6E14-411A-A00D-29ECB23ECC6B} = {AA676A16-0B9A-4DCD-967F-AFE2C6E32400}
	EndGlobalSection
	GlobalSection(ProjectConfigurationPlatforms) = postSolution
		{0B6DBFAA-2481-4E9E-8ECC-A473C4C6D5D2}.Debug|Any CPU.ActiveCfg = Debug|Any CPU
		{0B6DBFAA-2481-4E9E-8ECC-A473C4C6D5D2}.Debug|Any CPU.Build.0 = Debug|Any CPU
		{0B6DBFAA-2481-4E9E-8ECC-A473C4C6D5D2}.Release|Any CPU.ActiveCfg = Release|Any CPU
		{0B6DBFAA-2481-4E9E-8ECC-A473C4C6D5D2}.Release|Any CPU.Build.0 = Release|Any CPU
		{7C067B2D-6AA7-40AC-9CFD-016DF579E3DA}.Debug|Any CPU.ActiveCfg = Debug|Any CPU
		{7C067B2D-6AA7-40AC-9CFD-016DF579E3DA}.Debug|Any CPU.Build.0 = Debug|Any CPU
		{7C067B2D-6AA7-40AC-9CFD-016DF579E3DA}.Release|Any CPU.ActiveCfg = Release|Any CPU
		{7C067B2D-6AA7-40AC-9CFD-016DF579E3DA}.Release|Any CPU.Build.0 = Release|Any CPU
		{FF8898B1-2E1F-46AE-8F2A-B2F2FEB68DAB}.Debug|Any CPU.ActiveCfg = Debug|Any CPU
		{FF8898B1-2E1F-46AE-8F2A-B2F2FEB68DAB}.Debug|Any CPU.Build.0 = Debug|Any CPU
		{FF8898B1-2E1F-46AE-8F2A-B2F2FEB68DAB}.Release|Any CPU.ActiveCfg = Release|Any CPU
		{FF8898B1-2E1F-46AE-8F2A-B2F2FEB68DAB}.Release|Any CPU.Build.0 = Release|Any CPU
		{88C08161-4A37-490A-AEF9-017A94264D8D}.Debug|Any CPU.ActiveCfg = Debug|Any CPU
		{88C08161-4A37-490A-AEF9-017A94264D8D}.Debug|Any CPU.Build.0 = Debug|Any CPU
		{88C08161-4A37-490A-AEF9-017A94264D8D}.Release|Any CPU.ActiveCfg = Release|Any CPU
		{88C08161-4A37-490A-AEF9-017A94264D8D}.Release|Any CPU.Build.0 = Release|Any CPU
		{0E07011E-3DAF-4F18-9786-E416D40A4DB4}.Debug|Any CPU.ActiveCfg = Debug|Any CPU
		{0E07011E-3DAF-4F18-9786-E416D40A4DB4}.Debug|Any CPU.Build.0 = Debug|Any CPU
		{0E07011E-3DAF-4F18-9786-E416D40A4DB4}.Release|Any CPU.ActiveCfg = Release|Any CPU
		{0E07011E-3DAF-4F18-9786-E416D40A4DB4}.Release|Any CPU.Build.0 = Release|Any CPU
		{D2BCD9BF-BF53-4DF9-9544-49B232E0BCE6}.Debug|Any CPU.ActiveCfg = Debug|Any CPU
		{D2BCD9BF-BF53-4DF9-9544-49B232E0BCE6}.Debug|Any CPU.Build.0 = Debug|Any CPU
		{D2BCD9BF-BF53-4DF9-9544-49B232E0BCE6}.Release|Any CPU.ActiveCfg = Release|Any CPU
		{D2BCD9BF-BF53-4DF9-9544-49B232E0BCE6}.Release|Any CPU.Build.0 = Release|Any CPU
		{ADE4D49E-6E14-411A-A00D-29ECB23ECC6B}.Debug|Any CPU.ActiveCfg = Debug|Any CPU
		{ADE4D49E-6E14-411A-A00D-29ECB23ECC6B}.Debug|Any CPU.Build.0 = Debug|Any CPU
		{ADE4D49E-6E14-411A-A00D-29ECB23ECC6B}.Release|Any CPU.ActiveCfg = Release|Any CPU
		{ADE4D49E-6E14-411A-A00D-29ECB23ECC6B}.Release|Any CPU.Build.0 = Release|Any CPU
	EndGlobalSection
EndGlobal
